
Microsoft Visual Studio Solution File, Format Version 12.00
Project("{FAE04EC0-301F-11D3-BF4B-00C04F79EFBC}") = "AdventOfCode.2021", "AdventOfCode.2021\AdventOfCode.2021.csproj", "{D684235C-4051-41DC-9D2E-A93BA5CD74F3}"
EndProject
Project("{FAE04EC0-301F-11D3-BF4B-00C04F79EFBC}") = "AdventOfCode.Test", "AdventOfCode.Test\AdventOfCode.Test.csproj", "{402E70BA-2502-44D1-B4F2-2C5CA3484AD4}"
EndProject
Project("{FAE04EC0-301F-11D3-BF4B-00C04F79EFBC}") = "AdventOfCode.2022", "AdventOfCode.2022\AdventOfCode.2022.csproj", "{4A76087D-2D52-4FF1-80E6-814F7A1330F0}"
EndProject
Project("{FAE04EC0-301F-11D3-BF4B-00C04F79EFBC}") = "AdventOfCode.Common", "AdventOfCode.Common\AdventOfCode.Common.csproj", "{EFCB05FC-A82A-45ED-B138-0FBE2E90F8E7}"
EndProject
Global
	GlobalSection(SolutionConfigurationPlatforms) = preSolution
		Debug|Any CPU = Debug|Any CPU
		Release|Any CPU = Release|Any CPU
	EndGlobalSection
	GlobalSection(ProjectConfigurationPlatforms) = postSolution
		{D684235C-4051-41DC-9D2E-A93BA5CD74F3}.Debug|Any CPU.ActiveCfg = Debug|Any CPU
		{D684235C-4051-41DC-9D2E-A93BA5CD74F3}.Debug|Any CPU.Build.0 = Debug|Any CPU
		{D684235C-4051-41DC-9D2E-A93BA5CD74F3}.Release|Any CPU.ActiveCfg = Release|Any CPU
		{D684235C-4051-41DC-9D2E-A93BA5CD74F3}.Release|Any CPU.Build.0 = Release|Any CPU
		{402E70BA-2502-44D1-B4F2-2C5CA3484AD4}.Debug|Any CPU.ActiveCfg = Debug|Any CPU
		{402E70BA-2502-44D1-B4F2-2C5CA3484AD4}.Debug|Any CPU.Build.0 = Debug|Any CPU
		{402E70BA-2502-44D1-B4F2-2C5CA3484AD4}.Release|Any CPU.ActiveCfg = Release|Any CPU
		{402E70BA-2502-44D1-B4F2-2C5CA3484AD4}.Release|Any CPU.Build.0 = Release|Any CPU
		{4A76087D-2D52-4FF1-80E6-814F7A1330F0}.Debug|Any CPU.ActiveCfg = Debug|Any CPU
		{4A76087D-2D52-4FF1-80E6-814F7A1330F0}.Debug|Any CPU.Build.0 = Debug|Any CPU
		{4A76087D-2D52-4FF1-80E6-814F7A1330F0}.Release|Any CPU.ActiveCfg = Release|Any CPU
		{4A76087D-2D52-4FF1-80E6-814F7A1330F0}.Release|Any CPU.Build.0 = Release|Any CPU
		{EFCB05FC-A82A-45ED-B138-0FBE2E90F8E7}.Debug|Any CPU.ActiveCfg = Debug|Any CPU
		{EFCB05FC-A82A-45ED-B138-0FBE2E90F8E7}.Debug|Any CPU.Build.0 = Debug|Any CPU
		{EFCB05FC-A82A-45ED-B138-0FBE2E90F8E7}.Release|Any CPU.ActiveCfg = Release|Any CPU
		{EFCB05FC-A82A-45ED-B138-0FBE2E90F8E7}.Release|Any CPU.Build.0 = Release|Any CPU
	EndGlobalSection
EndGlobal
